
Microsoft Visual Studio Solution File, Format Version 12.00
# Visual Studio Version 16
VisualStudioVersion = 16.0.30309.148
MinimumVisualStudioVersion = 10.0.40219.1
Project("{FAE04EC0-301F-11D3-BF4B-00C04F79EFBC}") = "Sender_Visit", "Sender_Visit\Sender_Visit.csproj", "{79C4E40E-4999-43CF-9587-AF4B2F34DDC3}"
EndProject
Global
	GlobalSection(SolutionConfigurationPlatforms) = preSolution
		Debug|Any CPU = Debug|Any CPU
		Release|Any CPU = Release|Any CPU
	EndGlobalSection
	GlobalSection(ProjectConfigurationPlatforms) = postSolution
		{79C4E40E-4999-43CF-9587-AF4B2F34DDC3}.Debug|Any CPU.ActiveCfg = Debug|Any CPU
		{79C4E40E-4999-43CF-9587-AF4B2F34DDC3}.Debug|Any CPU.Build.0 = Debug|Any CPU
		{79C4E40E-4999-43CF-9587-AF4B2F34DDC3}.Release|Any CPU.ActiveCfg = Release|Any CPU
		{79C4E40E-4999-43CF-9587-AF4B2F34DDC3}.Release|Any CPU.Build.0 = Release|Any CPU
	EndGlobalSection
	GlobalSection(SolutionProperties) = preSolution
		HideSolutionNode = FALSE
	EndGlobalSection
	GlobalSection(ExtensibilityGlobals) = postSolution
		SolutionGuid = {FF393D87-E534-49C6-B9CF-2EE7F48B913E}
	EndGlobalSection
EndGlobal
