
Microsoft Visual Studio Solution File, Format Version 12.00
# Visual Studio Version 16
VisualStudioVersion = 16.0.30309.148
MinimumVisualStudioVersion = 10.0.40219.1
Project("{9A19103F-16F7-4668-BE54-9A1E7A4F7556}") = "Sender_Visit", "Sender_Visit\Sender_Visit\Sender_Visit.csproj", "{A5449FAA-6F26-4F33-83B4-C3AF0CF24D54}"
EndProject
Project("{9A19103F-16F7-4668-BE54-9A1E7A4F7556}") = "Sender_Visit_UnitTest", "Sender_Visit\Sender_Visit_UnitTest\Sender_Visit_UnitTest.csproj", "{2D3208D5-2070-4D50-945A-3F2726E75AF4}"
EndProject
Project("{9A19103F-16F7-4668-BE54-9A1E7A4F7556}") = "Receiver_Visit", "Receiver_Visit\Receiver_Visit\Receiver_Visit.csproj", "{114D2AED-BDE9-4CBE-A088-E87C24C5BB71}"
EndProject
Project("{9A19103F-16F7-4668-BE54-9A1E7A4F7556}") = "Receiver_Test", "Receiver_Visit\Receiver_Test\Receiver_Test.csproj", "{A747C847-4BFF-4C1B-8D5B-B2340814940D}"
EndProject
Global
	GlobalSection(SolutionConfigurationPlatforms) = preSolution
		Debug|Any CPU = Debug|Any CPU
		Release|Any CPU = Release|Any CPU
	EndGlobalSection
	GlobalSection(ProjectConfigurationPlatforms) = postSolution
		{A5449FAA-6F26-4F33-83B4-C3AF0CF24D54}.Debug|Any CPU.ActiveCfg = Debug|Any CPU
		{A5449FAA-6F26-4F33-83B4-C3AF0CF24D54}.Debug|Any CPU.Build.0 = Debug|Any CPU
		{A5449FAA-6F26-4F33-83B4-C3AF0CF24D54}.Release|Any CPU.ActiveCfg = Release|Any CPU
		{A5449FAA-6F26-4F33-83B4-C3AF0CF24D54}.Release|Any CPU.Build.0 = Release|Any CPU
		{2D3208D5-2070-4D50-945A-3F2726E75AF4}.Debug|Any CPU.ActiveCfg = Debug|Any CPU
		{2D3208D5-2070-4D50-945A-3F2726E75AF4}.Debug|Any CPU.Build.0 = Debug|Any CPU
		{2D3208D5-2070-4D50-945A-3F2726E75AF4}.Release|Any CPU.ActiveCfg = Release|Any CPU
		{2D3208D5-2070-4D50-945A-3F2726E75AF4}.Release|Any CPU.Build.0 = Release|Any CPU
		{114D2AED-BDE9-4CBE-A088-E87C24C5BB71}.Debug|Any CPU.ActiveCfg = Debug|Any CPU
		{114D2AED-BDE9-4CBE-A088-E87C24C5BB71}.Debug|Any CPU.Build.0 = Debug|Any CPU
		{114D2AED-BDE9-4CBE-A088-E87C24C5BB71}.Release|Any CPU.ActiveCfg = Release|Any CPU
		{114D2AED-BDE9-4CBE-A088-E87C24C5BB71}.Release|Any CPU.Build.0 = Release|Any CPU
		{A747C847-4BFF-4C1B-8D5B-B2340814940D}.Debug|Any CPU.ActiveCfg = Debug|Any CPU
		{A747C847-4BFF-4C1B-8D5B-B2340814940D}.Debug|Any CPU.Build.0 = Debug|Any CPU
		{A747C847-4BFF-4C1B-8D5B-B2340814940D}.Release|Any CPU.ActiveCfg = Release|Any CPU
		{A747C847-4BFF-4C1B-8D5B-B2340814940D}.Release|Any CPU.Build.0 = Release|Any CPU
	EndGlobalSection
	GlobalSection(SolutionProperties) = preSolution
		HideSolutionNode = FALSE
	EndGlobalSection
	GlobalSection(ExtensibilityGlobals) = postSolution
		SolutionGuid = {4A5F0235-D402-41C4-BFAA-BCE548A44778}
	EndGlobalSection
EndGlobal
